
Microsoft Visual Studio Solution File, Format Version 12.00
# Visual Studio 15
VisualStudioVersion = 15.0.27130.2010
MinimumVisualStudioVersion = 10.0.40219.1
Project("{FAE04EC0-301F-11D3-BF4B-00C04F79EFBC}") = "ClaimGameQueue.Web", "ClaimGameQueue.Web\ClaimGameQueue.Web.csproj", "{A3878BF6-1AA8-4EC0-9AB5-E5214BB1F5CF}"
EndProject
Project("{FAE04EC0-301F-11D3-BF4B-00C04F79EFBC}") = "ClaimGameQueue.Claims", "ClaimGameQueue.Claims\ClaimGameQueue.Claims.csproj", "{7BC051EC-D57E-4ABD-B383-334D78C3B5D8}"
EndProject
Project("{FAE04EC0-301F-11D3-BF4B-00C04F79EFBC}") = "ClaimGameQueue.Remover", "ClaimGameQueue.Remover\ClaimGameQueue.Remover.csproj", "{1B67D44C-05C8-4662-BBC0-BDD69EAB070B}"
EndProject
Project("{FAE04EC0-301F-11D3-BF4B-00C04F79EFBC}") = "ClaimGameQueue.Processor", "ClaimGameQueue.Processor\ClaimGameQueue.Processor.csproj", "{0EAF47DF-A1A8-44CF-A97C-4F8B728578C0}"
EndProject
Global
	GlobalSection(SolutionConfigurationPlatforms) = preSolution
		Debug|Any CPU = Debug|Any CPU
		Release|Any CPU = Release|Any CPU
	EndGlobalSection
	GlobalSection(ProjectConfigurationPlatforms) = postSolution
		{A3878BF6-1AA8-4EC0-9AB5-E5214BB1F5CF}.Debug|Any CPU.ActiveCfg = Debug|Any CPU
		{A3878BF6-1AA8-4EC0-9AB5-E5214BB1F5CF}.Debug|Any CPU.Build.0 = Debug|Any CPU
		{A3878BF6-1AA8-4EC0-9AB5-E5214BB1F5CF}.Release|Any CPU.ActiveCfg = Release|Any CPU
		{A3878BF6-1AA8-4EC0-9AB5-E5214BB1F5CF}.Release|Any CPU.Build.0 = Release|Any CPU
		{7BC051EC-D57E-4ABD-B383-334D78C3B5D8}.Debug|Any CPU.ActiveCfg = Debug|Any CPU
		{7BC051EC-D57E-4ABD-B383-334D78C3B5D8}.Debug|Any CPU.Build.0 = Debug|Any CPU
		{7BC051EC-D57E-4ABD-B383-334D78C3B5D8}.Release|Any CPU.ActiveCfg = Release|Any CPU
		{7BC051EC-D57E-4ABD-B383-334D78C3B5D8}.Release|Any CPU.Build.0 = Release|Any CPU
		{1B67D44C-05C8-4662-BBC0-BDD69EAB070B}.Debug|Any CPU.ActiveCfg = Debug|Any CPU
		{1B67D44C-05C8-4662-BBC0-BDD69EAB070B}.Debug|Any CPU.Build.0 = Debug|Any CPU
		{1B67D44C-05C8-4662-BBC0-BDD69EAB070B}.Release|Any CPU.ActiveCfg = Release|Any CPU
		{1B67D44C-05C8-4662-BBC0-BDD69EAB070B}.Release|Any CPU.Build.0 = Release|Any CPU
		{0EAF47DF-A1A8-44CF-A97C-4F8B728578C0}.Debug|Any CPU.ActiveCfg = Debug|Any CPU
		{0EAF47DF-A1A8-44CF-A97C-4F8B728578C0}.Debug|Any CPU.Build.0 = Debug|Any CPU
		{0EAF47DF-A1A8-44CF-A97C-4F8B728578C0}.Release|Any CPU.ActiveCfg = Release|Any CPU
		{0EAF47DF-A1A8-44CF-A97C-4F8B728578C0}.Release|Any CPU.Build.0 = Release|Any CPU
	EndGlobalSection
	GlobalSection(SolutionProperties) = preSolution
		HideSolutionNode = FALSE
	EndGlobalSection
	GlobalSection(ExtensibilityGlobals) = postSolution
		SolutionGuid = {5074E951-C27F-4C52-80C8-2A214FF0E7C5}
	EndGlobalSection
EndGlobal
